
Microsoft Visual Studio Solution File, Format Version 12.00
# Visual Studio Version 17
VisualStudioVersion = 17.11.35312.102
MinimumVisualStudioVersion = 10.0.40219.1
Project("{FAE04EC0-301F-11D3-BF4B-00C04F79EFBC}") = "Test-Walmart-Buybox-notification", "Test-Walmart-Buybox-notification\Test-Walmart-Buybox-notification.csproj", "{B196E266-60EC-4ACD-A385-BBC16B11E335}"
EndProject
Global
	GlobalSection(SolutionConfigurationPlatforms) = preSolution
		Debug|Any CPU = Debug|Any CPU
		Release|Any CPU = Release|Any CPU
	EndGlobalSection
	GlobalSection(ProjectConfigurationPlatforms) = postSolution
		{B196E266-60EC-4ACD-A385-BBC16B11E335}.Debug|Any CPU.ActiveCfg = Debug|Any CPU
		{B196E266-60EC-4ACD-A385-BBC16B11E335}.Debug|Any CPU.Build.0 = Debug|Any CPU
		{B196E266-60EC-4ACD-A385-BBC16B11E335}.Release|Any CPU.ActiveCfg = Release|Any CPU
		{B196E266-60EC-4ACD-A385-BBC16B11E335}.Release|Any CPU.Build.0 = Release|Any CPU
	EndGlobalSection
	GlobalSection(SolutionProperties) = preSolution
		HideSolutionNode = FALSE
	EndGlobalSection
	GlobalSection(ExtensibilityGlobals) = postSolution
		SolutionGuid = {068B1467-6BE0-465F-8C92-E55EB0A190C4}
	EndGlobalSection
EndGlobal
